# This file is automatically @generated by Poetry and should not be changed by hand.

[[package]]
name = "yaramod"
version = "3.16.0"
description = "Library for manipulation of YARA files."
category = "main"
optional = false
python-versions = ">=3"
files = [
    {file = "yaramod-3.16.0-cp310-cp310-win_amd64.whl", hash = "sha256:6ba24750f5e9dcae4344cb2d486024e4cd3ee25f4e5e37ccd524508c5cbf01fd"},
    {file = "yaramod-3.16.0-cp38-cp38-win_amd64.whl", hash = "sha256:192a5c85de1d0683afb499afcdeb2fedd398b170f6b7a4eb4fdd1f6fb2206398"},
    {file = "yaramod-3.16.0-cp39-cp39-win_amd64.whl", hash = "sha256:9a872b4c7b9fc3d7931811b7af44b9d11103974964b60d497b1b7adc8add8a23"},
    {file = "yaramod-3.16.0.tar.gz", hash = "sha256:ea393cdbf31e8411aa673615c8d5e0139228eeae297f6ba8b58843a03dd2c308"},
]

[metadata]
lock-version = "2.0"
python-versions = "^3.9"
content-hash = "31eeadfca277bb8e569a67440b331d423dfb633cc50e29f97926a40e6749ae05"
